// !$*UTF8*$!
{
	archiveVersion = 1;
	classes = {
	};
	objectVersion = 50;
	objects = {

/* Begin PBXBuildFile section */
		7B433D69260E7DDC00432003 /* BtcCell.swift in Sources */ = {isa = PBXBuildFile; fileRef = 7B433D68260E7DDC00432003 /* BtcCell.swift */; };
		7B6E7F0B260D24D000732537 /* BitcoinResponse.swift in Sources */ = {isa = PBXBuildFile; fileRef = 7B6E7F0A260D24D000732537 /* BitcoinResponse.swift */; };
		7B9090D2260CF625002EE383 /* AppDelegate.swift in Sources */ = {isa = PBXBuildFile; fileRef = 7B9090D1260CF625002EE383 /* AppDelegate.swift */; };
		7B9090D4260CF625002EE383 /* SceneDelegate.swift in Sources */ = {isa = PBXBuildFile; fileRef = 7B9090D3260CF625002EE383 /* SceneDelegate.swift */; };
		7B9090D6260CF625002EE383 /* BtcVC.swift in Sources */ = {isa = PBXBuildFile; fileRef = 7B9090D5260CF625002EE383 /* BtcVC.swift */; };
		7B9090DE260CF62B002EE383 /* Assets.xcassets in Resources */ = {isa = PBXBuildFile; fileRef = 7B9090DD260CF62B002EE383 /* Assets.xcassets */; };
		7B9090E1260CF62B002EE383 /* LaunchScreen.storyboard in Resources */ = {isa = PBXBuildFile; fileRef = 7B9090DF260CF62B002EE383 /* LaunchScreen.storyboard */; };
		7B9090F9260CF990002EE383 /* NetworkService.swift in Sources */ = {isa = PBXBuildFile; fileRef = 7B9090F8260CF990002EE383 /* NetworkService.swift */; };
		7B9090FE260CF9AF002EE383 /* NetworkDataFetcher.swift in Sources */ = {isa = PBXBuildFile; fileRef = 7B9090FD260CF9AF002EE383 /* NetworkDataFetcher.swift */; };
		7BD4118F261C7A5E00656B40 /* Model.xcdatamodeld in Sources */ = {isa = PBXBuildFile; fileRef = 7BD4118D261C7A5E00656B40 /* Model.xcdatamodeld */; };
		7BEE604A265BD1C200A9A450 /* BtcView.swift in Sources */ = {isa = PBXBuildFile; fileRef = 7BEE6049265BD1C200A9A450 /* BtcView.swift */; };
		7BEE6056265CB99500A9A450 /* NSMutableAttributedString.swift in Sources */ = {isa = PBXBuildFile; fileRef = 7BEE6055265CB99500A9A450 /* NSMutableAttributedString.swift */; };
		7BEE6058265E9F6100A9A450 /* CoreDataStack.swift in Sources */ = {isa = PBXBuildFile; fileRef = 7BEE6057265E9F6100A9A450 /* CoreDataStack.swift */; };
		7BEE605D265EA99400A9A450 /* History+CoreDataClass.swift in Sources */ = {isa = PBXBuildFile; fileRef = 7BEE6059265EA99400A9A450 /* History+CoreDataClass.swift */; };
		7BEE605E265EA99400A9A450 /* History+CoreDataProperties.swift in Sources */ = {isa = PBXBuildFile; fileRef = 7BEE605A265EA99400A9A450 /* History+CoreDataProperties.swift */; };
		7BEE605F265EA99400A9A450 /* BTC+CoreDataClass.swift in Sources */ = {isa = PBXBuildFile; fileRef = 7BEE605B265EA99400A9A450 /* BTC+CoreDataClass.swift */; };
		7BEE6060265EA99400A9A450 /* BTC+CoreDataProperties.swift in Sources */ = {isa = PBXBuildFile; fileRef = 7BEE605C265EA99400A9A450 /* BTC+CoreDataProperties.swift */; };
/* End PBXBuildFile section */

/* Begin PBXFileReference section */
		7B433D68260E7DDC00432003 /* BtcCell.swift */ = {isa = PBXFileReference; lastKnownFileType = sourcecode.swift; path = BtcCell.swift; sourceTree = "<group>"; };
		7B6E7F0A260D24D000732537 /* BitcoinResponse.swift */ = {isa = PBXFileReference; lastKnownFileType = sourcecode.swift; path = BitcoinResponse.swift; sourceTree = "<group>"; };
		7B9090CE260CF625002EE383 /* MonitorBit.app */ = {isa = PBXFileReference; explicitFileType = wrapper.application; includeInIndex = 0; path = MonitorBit.app; sourceTree = BUILT_PRODUCTS_DIR; };
		7B9090D1260CF625002EE383 /* AppDelegate.swift */ = {isa = PBXFileReference; lastKnownFileType = sourcecode.swift; path = AppDelegate.swift; sourceTree = "<group>"; };
		7B9090D3260CF625002EE383 /* SceneDelegate.swift */ = {isa = PBXFileReference; lastKnownFileType = sourcecode.swift; path = SceneDelegate.swift; sourceTree = "<group>"; };
		7B9090D5260CF625002EE383 /* BtcVC.swift */ = {isa = PBXFileReference; lastKnownFileType = sourcecode.swift; path = BtcVC.swift; sourceTree = "<group>"; };
		7B9090DD260CF62B002EE383 /* Assets.xcassets */ = {isa = PBXFileReference; lastKnownFileType = folder.assetcatalog; path = Assets.xcassets; sourceTree = "<group>"; };
		7B9090E0260CF62B002EE383 /* Base */ = {isa = PBXFileReference; lastKnownFileType = file.storyboard; name = Base; path = Base.lproj/LaunchScreen.storyboard; sourceTree = "<group>"; };
		7B9090E2260CF62B002EE383 /* Info.plist */ = {isa = PBXFileReference; lastKnownFileType = text.plist.xml; path = Info.plist; sourceTree = "<group>"; };
		7B9090F8260CF990002EE383 /* NetworkService.swift */ = {isa = PBXFileReference; lastKnownFileType = sourcecode.swift; path = NetworkService.swift; sourceTree = "<group>"; };
		7B9090FD260CF9AF002EE383 /* NetworkDataFetcher.swift */ = {isa = PBXFileReference; lastKnownFileType = sourcecode.swift; path = NetworkDataFetcher.swift; sourceTree = "<group>"; };
		7BD4118E261C7A5E00656B40 /* Model.xcdatamodel */ = {isa = PBXFileReference; lastKnownFileType = wrapper.xcdatamodel; path = Model.xcdatamodel; sourceTree = "<group>"; };
		7BEE6049265BD1C200A9A450 /* BtcView.swift */ = {isa = PBXFileReference; lastKnownFileType = sourcecode.swift; path = BtcView.swift; sourceTree = "<group>"; };
		7BEE6055265CB99500A9A450 /* NSMutableAttributedString.swift */ = {isa = PBXFileReference; lastKnownFileType = sourcecode.swift; path = NSMutableAttributedString.swift; sourceTree = "<group>"; };
		7BEE6057265E9F6100A9A450 /* CoreDataStack.swift */ = {isa = PBXFileReference; lastKnownFileType = sourcecode.swift; path = CoreDataStack.swift; sourceTree = "<group>"; };
		7BEE6059265EA99400A9A450 /* History+CoreDataClass.swift */ = {isa = PBXFileReference; lastKnownFileType = sourcecode.swift; path = "History+CoreDataClass.swift"; sourceTree = "<group>"; };
		7BEE605A265EA99400A9A450 /* History+CoreDataProperties.swift */ = {isa = PBXFileReference; lastKnownFileType = sourcecode.swift; path = "History+CoreDataProperties.swift"; sourceTree = "<group>"; };
		7BEE605B265EA99400A9A450 /* BTC+CoreDataClass.swift */ = {isa = PBXFileReference; lastKnownFileType = sourcecode.swift; path = "BTC+CoreDataClass.swift"; sourceTree = "<group>"; };
		7BEE605C265EA99400A9A450 /* BTC+CoreDataProperties.swift */ = {isa = PBXFileReference; lastKnownFileType = sourcecode.swift; path = "BTC+CoreDataProperties.swift"; sourceTree = "<group>"; };
/* End PBXFileReference section */

/* Begin PBXFrameworksBuildPhase section */
		7B9090CB260CF625002EE383 /* Frameworks */ = {
			isa = PBXFrameworksBuildPhase;
			buildActionMask = 2147483647;
			files = (
			);
			runOnlyForDeploymentPostprocessing = 0;
		};
/* End PBXFrameworksBuildPhase section */

/* Begin PBXGroup section */
		7B42B09B2613566C008B1178 /* View */ = {
			isa = PBXGroup;
			children = (
				7B433D68260E7DDC00432003 /* BtcCell.swift */,
				7BEE6049265BD1C200A9A450 /* BtcView.swift */,
			);
			path = View;
			sourceTree = "<group>";
		};
		7B433D66260D6C9000432003 /* Core Data */ = {
			isa = PBXGroup;
			children = (
				7BEE6059265EA99400A9A450 /* History+CoreDataClass.swift */,
				7BEE605A265EA99400A9A450 /* History+CoreDataProperties.swift */,
				7BEE605B265EA99400A9A450 /* BTC+CoreDataClass.swift */,
				7BEE605C265EA99400A9A450 /* BTC+CoreDataProperties.swift */,
				7BD4118D261C7A5E00656B40 /* Model.xcdatamodeld */,
				7BEE6057265E9F6100A9A450 /* CoreDataStack.swift */,
			);
			path = "Core Data";
			sourceTree = "<group>";
		};
		7B6E7F09260D248400732537 /* Models */ = {
			isa = PBXGroup;
			children = (
				7B6E7F0A260D24D000732537 /* BitcoinResponse.swift */,
			);
			path = Models;
			sourceTree = "<group>";
		};
		7B9090C5260CF625002EE383 = {
			isa = PBXGroup;
			children = (
				7B9090D0260CF625002EE383 /* MonitorBit */,
				7B9090CF260CF625002EE383 /* Products */,
			);
			sourceTree = "<group>";
		};
		7B9090CF260CF625002EE383 /* Products */ = {
			isa = PBXGroup;
			children = (
				7B9090CE260CF625002EE383 /* MonitorBit.app */,
			);
			name = Products;
			sourceTree = "<group>";
		};
		7B9090D0260CF625002EE383 /* MonitorBit */ = {
			isa = PBXGroup;
			children = (
				7B9090F4260CF91B002EE383 /* Bitcoin */,
				7B9090EF260CF7DE002EE383 /* App */,
			);
			path = MonitorBit;
			sourceTree = "<group>";
		};
		7B9090EA260CF733002EE383 /* Supporting Files */ = {
			isa = PBXGroup;
			children = (
				7B9090DD260CF62B002EE383 /* Assets.xcassets */,
				7B9090E2260CF62B002EE383 /* Info.plist */,
			);
			path = "Supporting Files";
			sourceTree = "<group>";
		};
		7B9090EB260CF748002EE383 /* App Delegates */ = {
			isa = PBXGroup;
			children = (
				7B9090D3260CF625002EE383 /* SceneDelegate.swift */,
				7B9090D1260CF625002EE383 /* AppDelegate.swift */,
			);
			path = "App Delegates";
			sourceTree = "<group>";
		};
		7B9090EC260CF767002EE383 /* LaunchScreen */ = {
			isa = PBXGroup;
			children = (
				7B9090DF260CF62B002EE383 /* LaunchScreen.storyboard */,
			);
			path = LaunchScreen;
			sourceTree = "<group>";
		};
		7B9090EF260CF7DE002EE383 /* App */ = {
			isa = PBXGroup;
			children = (
				7BEE6054265CB96D00A9A450 /* Extension */,
				7B9090EA260CF733002EE383 /* Supporting Files */,
				7B9090EB260CF748002EE383 /* App Delegates */,
				7B9090EC260CF767002EE383 /* LaunchScreen */,
			);
			path = App;
			sourceTree = "<group>";
		};
		7B9090F4260CF91B002EE383 /* Bitcoin */ = {
			isa = PBXGroup;
			children = (
				7B6E7F09260D248400732537 /* Models */,
				7B42B09B2613566C008B1178 /* View */,
				7B9090F6260CF936002EE383 /* Controllers */,
				7B433D66260D6C9000432003 /* Core Data */,
				7B9090F7260CF952002EE383 /* Networking */,
			);
			path = Bitcoin;
			sourceTree = "<group>";
		};
		7B9090F6260CF936002EE383 /* Controllers */ = {
			isa = PBXGroup;
			children = (
				7B9090D5260CF625002EE383 /* BtcVC.swift */,
			);
			path = Controllers;
			sourceTree = "<group>";
		};
		7B9090F7260CF952002EE383 /* Networking */ = {
			isa = PBXGroup;
			children = (
				7B9090F8260CF990002EE383 /* NetworkService.swift */,
				7B9090FD260CF9AF002EE383 /* NetworkDataFetcher.swift */,
			);
			path = Networking;
			sourceTree = "<group>";
		};
		7BEE6053265CB8A000A9A450 /* NSMutableAttributedStringEx */ = {
			isa = PBXGroup;
			children = (
				7BEE6055265CB99500A9A450 /* NSMutableAttributedString.swift */,
			);
			path = NSMutableAttributedStringEx;
			sourceTree = "<group>";
		};
		7BEE6054265CB96D00A9A450 /* Extension */ = {
			isa = PBXGroup;
			children = (
				7BEE6053265CB8A000A9A450 /* NSMutableAttributedStringEx */,
			);
			path = Extension;
			sourceTree = "<group>";
		};
/* End PBXGroup section */

/* Begin PBXNativeTarget section */
		7B9090CD260CF625002EE383 /* MonitorBit */ = {
			isa = PBXNativeTarget;
			buildConfigurationList = 7B9090E5260CF62B002EE383 /* Build configuration list for PBXNativeTarget "MonitorBit" */;
			buildPhases = (
				7B9090CA260CF625002EE383 /* Sources */,
				7B9090CB260CF625002EE383 /* Frameworks */,
				7B9090CC260CF625002EE383 /* Resources */,
			);
			buildRules = (
			);
			dependencies = (
			);
			name = MonitorBit;
			productName = MonitorBit;
			productReference = 7B9090CE260CF625002EE383 /* MonitorBit.app */;
			productType = "com.apple.product-type.application";
		};
/* End PBXNativeTarget section */

/* Begin PBXProject section */
		7B9090C6260CF625002EE383 /* Project object */ = {
			isa = PBXProject;
			attributes = {
				LastSwiftUpdateCheck = 1240;
				LastUpgradeCheck = 1240;
				TargetAttributes = {
					7B9090CD260CF625002EE383 = {
						CreatedOnToolsVersion = 12.4;
					};
				};
			};
			buildConfigurationList = 7B9090C9260CF625002EE383 /* Build configuration list for PBXProject "MonitorBit" */;
			compatibilityVersion = "Xcode 9.3";
			developmentRegion = en;
			hasScannedForEncodings = 0;
			knownRegions = (
				en,
				Base,
			);
			mainGroup = 7B9090C5260CF625002EE383;
			productRefGroup = 7B9090CF260CF625002EE383 /* Products */;
			projectDirPath = "";
			projectRoot = "";
			targets = (
				7B9090CD260CF625002EE383 /* MonitorBit */,
			);
		};
/* End PBXProject section */

/* Begin PBXResourcesBuildPhase section */
		7B9090CC260CF625002EE383 /* Resources */ = {
			isa = PBXResourcesBuildPhase;
			buildActionMask = 2147483647;
			files = (
				7B9090E1260CF62B002EE383 /* LaunchScreen.storyboard in Resources */,
				7B9090DE260CF62B002EE383 /* Assets.xcassets in Resources */,
			);
			runOnlyForDeploymentPostprocessing = 0;
		};
/* End PBXResourcesBuildPhase section */

/* Begin PBXSourcesBuildPhase section */
		7B9090CA260CF625002EE383 /* Sources */ = {
			isa = PBXSourcesBuildPhase;
			buildActionMask = 2147483647;
			files = (
				7B9090D6260CF625002EE383 /* BtcVC.swift in Sources */,
				7B433D69260E7DDC00432003 /* BtcCell.swift in Sources */,
				7B9090D2260CF625002EE383 /* AppDelegate.swift in Sources */,
				7BD4118F261C7A5E00656B40 /* Model.xcdatamodeld in Sources */,
				7BEE605D265EA99400A9A450 /* History+CoreDataClass.swift in Sources */,
				7B9090D4260CF625002EE383 /* SceneDelegate.swift in Sources */,
				7B9090FE260CF9AF002EE383 /* NetworkDataFetcher.swift in Sources */,
				7BEE6058265E9F6100A9A450 /* CoreDataStack.swift in Sources */,
				7BEE604A265BD1C200A9A450 /* BtcView.swift in Sources */,
				7BEE6060265EA99400A9A450 /* BTC+CoreDataProperties.swift in Sources */,
				7B6E7F0B260D24D000732537 /* BitcoinResponse.swift in Sources */,
				7BEE605E265EA99400A9A450 /* History+CoreDataProperties.swift in Sources */,
				7BEE605F265EA99400A9A450 /* BTC+CoreDataClass.swift in Sources */,
				7BEE6056265CB99500A9A450 /* NSMutableAttributedString.swift in Sources */,
				7B9090F9260CF990002EE383 /* NetworkService.swift in Sources */,
			);
			runOnlyForDeploymentPostprocessing = 0;
		};
/* End PBXSourcesBuildPhase section */

/* Begin PBXVariantGroup section */
		7B9090DF260CF62B002EE383 /* LaunchScreen.storyboard */ = {
			isa = PBXVariantGroup;
			children = (
				7B9090E0260CF62B002EE383 /* Base */,
			);
			name = LaunchScreen.storyboard;
			sourceTree = "<group>";
		};
/* End PBXVariantGroup section */

/* Begin XCBuildConfiguration section */
		7B9090E3260CF62B002EE383 /* Debug */ = {
			isa = XCBuildConfiguration;
			buildSettings = {
				ALWAYS_SEARCH_USER_PATHS = NO;
				CLANG_ANALYZER_NONNULL = YES;
				CLANG_ANALYZER_NUMBER_OBJECT_CONVERSION = YES_AGGRESSIVE;
				CLANG_CXX_LANGUAGE_STANDARD = "gnu++14";
				CLANG_CXX_LIBRARY = "libc++";
				CLANG_ENABLE_MODULES = YES;
				CLANG_ENABLE_OBJC_ARC = YES;
				CLANG_ENABLE_OBJC_WEAK = YES;
				CLANG_WARN_BLOCK_CAPTURE_AUTORELEASING = YES;
				CLANG_WARN_BOOL_CONVERSION = YES;
				CLANG_WARN_COMMA = YES;
				CLANG_WARN_CONSTANT_CONVERSION = YES;
				CLANG_WARN_DEPRECATED_OBJC_IMPLEMENTATIONS = YES;
				CLANG_WARN_DIRECT_OBJC_ISA_USAGE = YES_ERROR;
				CLANG_WARN_DOCUMENTATION_COMMENTS = YES;
				CLANG_WARN_EMPTY_BODY = YES;
				CLANG_WARN_ENUM_CONVERSION = YES;
				CLANG_WARN_INFINITE_RECURSION = YES;
				CLANG_WARN_INT_CONVERSION = YES;
				CLANG_WARN_NON_LITERAL_NULL_CONVERSION = YES;
				CLANG_WARN_OBJC_IMPLICIT_RETAIN_SELF = YES;
				CLANG_WARN_OBJC_LITERAL_CONVERSION = YES;
				CLANG_WARN_OBJC_ROOT_CLASS = YES_ERROR;
				CLANG_WARN_QUOTED_INCLUDE_IN_FRAMEWORK_HEADER = YES;
				CLANG_WARN_RANGE_LOOP_ANALYSIS = YES;
				CLANG_WARN_STRICT_PROTOTYPES = YES;
				CLANG_WARN_SUSPICIOUS_MOVE = YES;
				CLANG_WARN_UNGUARDED_AVAILABILITY = YES_AGGRESSIVE;
				CLANG_WARN_UNREACHABLE_CODE = YES;
				CLANG_WARN__DUPLICATE_METHOD_MATCH = YES;
				COPY_PHASE_STRIP = NO;
				DEBUG_INFORMATION_FORMAT = dwarf;
				ENABLE_STRICT_OBJC_MSGSEND = YES;
				ENABLE_TESTABILITY = YES;
				GCC_C_LANGUAGE_STANDARD = gnu11;
				GCC_DYNAMIC_NO_PIC = NO;
				GCC_NO_COMMON_BLOCKS = YES;
				GCC_OPTIMIZATION_LEVEL = 0;
				GCC_PREPROCESSOR_DEFINITIONS = (
					"DEBUG=1",
					"$(inherited)",
				);
				GCC_WARN_64_TO_32_BIT_CONVERSION = YES;
				GCC_WARN_ABOUT_RETURN_TYPE = YES_ERROR;
				GCC_WARN_UNDECLARED_SELECTOR = YES;
				GCC_WARN_UNINITIALIZED_AUTOS = YES_AGGRESSIVE;
				GCC_WARN_UNUSED_FUNCTION = YES;
				GCC_WARN_UNUSED_VARIABLE = YES;
				IPHONEOS_DEPLOYMENT_TARGET = 14.4;
				MTL_ENABLE_DEBUG_INFO = INCLUDE_SOURCE;
				MTL_FAST_MATH = YES;
				ONLY_ACTIVE_ARCH = YES;
				SDKROOT = iphoneos;
				SWIFT_ACTIVE_COMPILATION_CONDITIONS = DEBUG;
				SWIFT_OPTIMIZATION_LEVEL = "-Onone";
			};
			name = Debug;
		};
		7B9090E4260CF62B002EE383 /* Release */ = {
			isa = XCBuildConfiguration;
			buildSettings = {
				ALWAYS_SEARCH_USER_PATHS = NO;
				CLANG_ANALYZER_NONNULL = YES;
				CLANG_ANALYZER_NUMBER_OBJECT_CONVERSION = YES_AGGRESSIVE;
				CLANG_CXX_LANGUAGE_STANDARD = "gnu++14";
				CLANG_CXX_LIBRARY = "libc++";
				CLANG_ENABLE_MODULES = YES;
				CLANG_ENABLE_OBJC_ARC = YES;
				CLANG_ENABLE_OBJC_WEAK = YES;
				CLANG_WARN_BLOCK_CAPTURE_AUTORELEASING = YES;
				CLANG_WARN_BOOL_CONVERSION = YES;
				CLANG_WARN_COMMA = YES;
				CLANG_WARN_CONSTANT_CONVERSION = YES;
				CLANG_WARN_DEPRECATED_OBJC_IMPLEMENTATIONS = YES;
				CLANG_WARN_DIRECT_OBJC_ISA_USAGE = YES_ERROR;
				CLANG_WARN_DOCUMENTATION_COMMENTS = YES;
				CLANG_WARN_EMPTY_BODY = YES;
				CLANG_WARN_ENUM_CONVERSION = YES;
				CLANG_WARN_INFINITE_RECURSION = YES;
				CLANG_WARN_INT_CONVERSION = YES;
				CLANG_WARN_NON_LITERAL_NULL_CONVERSION = YES;
				CLANG_WARN_OBJC_IMPLICIT_RETAIN_SELF = YES;
				CLANG_WARN_OBJC_LITERAL_CONVERSION = YES;
				CLANG_WARN_OBJC_ROOT_CLASS = YES_ERROR;
				CLANG_WARN_QUOTED_INCLUDE_IN_FRAMEWORK_HEADER = YES;
				CLANG_WARN_RANGE_LOOP_ANALYSIS = YES;
				CLANG_WARN_STRICT_PROTOTYPES = YES;
				CLANG_WARN_SUSPICIOUS_MOVE = YES;
				CLANG_WARN_UNGUARDED_AVAILABILITY = YES_AGGRESSIVE;
				CLANG_WARN_UNREACHABLE_CODE = YES;
				CLANG_WARN__DUPLICATE_METHOD_MATCH = YES;
				COPY_PHASE_STRIP = NO;
				DEBUG_INFORMATION_FORMAT = "dwarf-with-dsym";
				ENABLE_NS_ASSERTIONS = NO;
				ENABLE_STRICT_OBJC_MSGSEND = YES;
				GCC_C_LANGUAGE_STANDARD = gnu11;
				GCC_NO_COMMON_BLOCKS = YES;
				GCC_WARN_64_TO_32_BIT_CONVERSION = YES;
				GCC_WARN_ABOUT_RETURN_TYPE = YES_ERROR;
				GCC_WARN_UNDECLARED_SELECTOR = YES;
				GCC_WARN_UNINITIALIZED_AUTOS = YES_AGGRESSIVE;
				GCC_WARN_UNUSED_FUNCTION = YES;
				GCC_WARN_UNUSED_VARIABLE = YES;
				IPHONEOS_DEPLOYMENT_TARGET = 14.4;
				MTL_ENABLE_DEBUG_INFO = NO;
				MTL_FAST_MATH = YES;
				SDKROOT = iphoneos;
				SWIFT_COMPILATION_MODE = wholemodule;
				SWIFT_OPTIMIZATION_LEVEL = "-O";
				VALIDATE_PRODUCT = YES;
			};
			name = Release;
		};
		7B9090E6260CF62B002EE383 /* Debug */ = {
			isa = XCBuildConfiguration;
			buildSettings = {
				ASSETCATALOG_COMPILER_APPICON_NAME = AppIcon;
				ASSETCATALOG_COMPILER_GLOBAL_ACCENT_COLOR_NAME = AccentColor;
				CODE_SIGN_STYLE = Automatic;
				DEVELOPMENT_TEAM = 68FXT4UH73;
				INFOPLIST_FILE = "MonitorBit/App/Supporting Files/Info.plist";
				LD_RUNPATH_SEARCH_PATHS = (
					"$(inherited)",
					"@executable_path/Frameworks",
				);
				PRODUCT_BUNDLE_IDENTIFIER = ru.egorskikh.MonitorBit;
				PRODUCT_NAME = "$(TARGET_NAME)";
				SWIFT_VERSION = 5.0;
				TARGETED_DEVICE_FAMILY = 1;
			};
			name = Debug;
		};
		7B9090E7260CF62B002EE383 /* Release */ = {
			isa = XCBuildConfiguration;
			buildSettings = {
				ASSETCATALOG_COMPILER_APPICON_NAME = AppIcon;
				ASSETCATALOG_COMPILER_GLOBAL_ACCENT_COLOR_NAME = AccentColor;
				CODE_SIGN_STYLE = Automatic;
				DEVELOPMENT_TEAM = 68FXT4UH73;
				INFOPLIST_FILE = "MonitorBit/App/Supporting Files/Info.plist";
				LD_RUNPATH_SEARCH_PATHS = (
					"$(inherited)",
					"@executable_path/Frameworks",
				);
				PRODUCT_BUNDLE_IDENTIFIER = ru.egorskikh.MonitorBit;
				PRODUCT_NAME = "$(TARGET_NAME)";
				SWIFT_VERSION = 5.0;
				TARGETED_DEVICE_FAMILY = 1;
			};
			name = Release;
		};
/* End XCBuildConfiguration section */

/* Begin XCConfigurationList section */
		7B9090C9260CF625002EE383 /* Build configuration list for PBXProject "MonitorBit" */ = {
			isa = XCConfigurationList;
			buildConfigurations = (
				7B9090E3260CF62B002EE383 /* Debug */,
				7B9090E4260CF62B002EE383 /* Release */,
			);
			defaultConfigurationIsVisible = 0;
			defaultConfigurationName = Release;
		};
		7B9090E5260CF62B002EE383 /* Build configuration list for PBXNativeTarget "MonitorBit" */ = {
			isa = XCConfigurationList;
			buildConfigurations = (
				7B9090E6260CF62B002EE383 /* Debug */,
				7B9090E7260CF62B002EE383 /* Release */,
			);
			defaultConfigurationIsVisible = 0;
			defaultConfigurationName = Release;
		};
/* End XCConfigurationList section */

/* Begin XCVersionGroup section */
		7BD4118D261C7A5E00656B40 /* Model.xcdatamodeld */ = {
			isa = XCVersionGroup;
			children = (
				7BD4118E261C7A5E00656B40 /* Model.xcdatamodel */,
			);
			currentVersion = 7BD4118E261C7A5E00656B40 /* Model.xcdatamodel */;
			path = Model.xcdatamodeld;
			sourceTree = "<group>";
			versionGroupType = wrapper.xcdatamodel;
		};
/* End XCVersionGroup section */
	};
	rootObject = 7B9090C6260CF625002EE383 /* Project object */;
}
